// !$*UTF8*$!
{
	archiveVersion = 1;
	classes = {
	};
	objectVersion = 55;
	objects = {

/* Begin PBXBuildFile section */
		4F544BEF2865E4EC005D2618 /* AppDelegate.swift in Sources */ = {isa = PBXBuildFile; fileRef = 4F544BEE2865E4EC005D2618 /* AppDelegate.swift */; };
		4F544BF12865E4ED005D2618 /* Assets.xcassets in Resources */ = {isa = PBXBuildFile; fileRef = 4F544BF02865E4ED005D2618 /* Assets.xcassets */; };
		4F544BF42865E4ED005D2618 /* MainMenu.xib in Resources */ = {isa = PBXBuildFile; fileRef = 4F544BF22865E4ED005D2618 /* MainMenu.xib */; };
		4F544BFD2865F526005D2618 /* MainWindowController.swift in Sources */ = {isa = PBXBuildFile; fileRef = 4F544BFB2865F526005D2618 /* MainWindowController.swift */; };
		4F544BFE2865F526005D2618 /* HelloNSMenu.MainWindowController.xib in Resources */ = {isa = PBXBuildFile; fileRef = 4F544BFC2865F526005D2618 /* HelloNSMenu.MainWindowController.xib */; };
/* End PBXBuildFile section */

/* Begin PBXFileReference section */
		4F544BEB2865E4EC005D2618 /* HelloNSMenu.app */ = {isa = PBXFileReference; explicitFileType = wrapper.application; includeInIndex = 0; path = HelloNSMenu.app; sourceTree = BUILT_PRODUCTS_DIR; };
		4F544BEE2865E4EC005D2618 /* AppDelegate.swift */ = {isa = PBXFileReference; lastKnownFileType = sourcecode.swift; path = AppDelegate.swift; sourceTree = "<group>"; };
		4F544BF02865E4ED005D2618 /* Assets.xcassets */ = {isa = PBXFileReference; lastKnownFileType = folder.assetcatalog; path = Assets.xcassets; sourceTree = "<group>"; };
		4F544BF32865E4ED005D2618 /* Base */ = {isa = PBXFileReference; lastKnownFileType = file.xib; name = Base; path = Base.lproj/MainMenu.xib; sourceTree = "<group>"; };
		4F544BF52865E4ED005D2618 /* HelloNSMenu.entitlements */ = {isa = PBXFileReference; lastKnownFileType = text.plist.entitlements; path = HelloNSMenu.entitlements; sourceTree = "<group>"; };
		4F544BFB2865F526005D2618 /* MainWindowController.swift */ = {isa = PBXFileReference; lastKnownFileType = sourcecode.swift; path = MainWindowController.swift; sourceTree = "<group>"; };
		4F544BFC2865F526005D2618 /* HelloNSMenu.MainWindowController.xib */ = {isa = PBXFileReference; lastKnownFileType = file.xib; path = HelloNSMenu.MainWindowController.xib; sourceTree = "<group>"; };
/* End PBXFileReference section */

/* Begin PBXFrameworksBuildPhase section */
		4F544BE82865E4EC005D2618 /* Frameworks */ = {
			isa = PBXFrameworksBuildPhase;
			buildActionMask = 2147483647;
			files = (
			);
			runOnlyForDeploymentPostprocessing = 0;
		};
/* End PBXFrameworksBuildPhase section */

/* Begin PBXGroup section */
		4F544BE22865E4EC005D2618 = {
			isa = PBXGroup;
			children = (
				4F544BED2865E4EC005D2618 /* HelloNSMenu */,
				4F544BEC2865E4EC005D2618 /* Products */,
			);
			sourceTree = "<group>";
		};
		4F544BEC2865E4EC005D2618 /* Products */ = {
			isa = PBXGroup;
			children = (
				4F544BEB2865E4EC005D2618 /* HelloNSMenu.app */,
			);
			name = Products;
			sourceTree = "<group>";
		};
		4F544BED2865E4EC005D2618 /* HelloNSMenu */ = {
			isa = PBXGroup;
			children = (
				4F544C002865F539005D2618 /* Classes */,
				4F544BFF2865F52D005D2618 /* UI */,
				4F544BF02865E4ED005D2618 /* Assets.xcassets */,
				4F544BF52865E4ED005D2618 /* HelloNSMenu.entitlements */,
			);
			path = HelloNSMenu;
			sourceTree = "<group>";
		};
		4F544BFF2865F52D005D2618 /* UI */ = {
			isa = PBXGroup;
			children = (
				4F544BFC2865F526005D2618 /* HelloNSMenu.MainWindowController.xib */,
				4F544BF22865E4ED005D2618 /* MainMenu.xib */,
			);
			path = UI;
			sourceTree = "<group>";
		};
		4F544C002865F539005D2618 /* Classes */ = {
			isa = PBXGroup;
			children = (
				4F544BEE2865E4EC005D2618 /* AppDelegate.swift */,
				4F544BFB2865F526005D2618 /* MainWindowController.swift */,
			);
			path = Classes;
			sourceTree = "<group>";
		};
/* End PBXGroup section */

/* Begin PBXNativeTarget section */
		4F544BEA2865E4EC005D2618 /* HelloNSMenu */ = {
			isa = PBXNativeTarget;
			buildConfigurationList = 4F544BF82865E4ED005D2618 /* Build configuration list for PBXNativeTarget "HelloNSMenu" */;
			buildPhases = (
				4F544BE72865E4EC005D2618 /* Sources */,
				4F544BE82865E4EC005D2618 /* Frameworks */,
				4F544BE92865E4EC005D2618 /* Resources */,
			);
			buildRules = (
			);
			dependencies = (
			);
			name = HelloNSMenu;
			productName = HelloNSMenu;
			productReference = 4F544BEB2865E4EC005D2618 /* HelloNSMenu.app */;
			productType = "com.apple.product-type.application";
		};
/* End PBXNativeTarget section */

/* Begin PBXProject section */
		4F544BE32865E4EC005D2618 /* Project object */ = {
			isa = PBXProject;
			attributes = {
				BuildIndependentTargetsInParallel = 1;
				LastSwiftUpdateCheck = 1330;
				LastUpgradeCheck = 1330;
				TargetAttributes = {
					4F544BEA2865E4EC005D2618 = {
						CreatedOnToolsVersion = 13.3;
					};
				};
			};
			buildConfigurationList = 4F544BE62865E4EC005D2618 /* Build configuration list for PBXProject "HelloNSMenu" */;
			compatibilityVersion = "Xcode 13.0";
			developmentRegion = en;
			hasScannedForEncodings = 0;
			knownRegions = (
				en,
				Base,
			);
			mainGroup = 4F544BE22865E4EC005D2618;
			productRefGroup = 4F544BEC2865E4EC005D2618 /* Products */;
			projectDirPath = "";
			projectRoot = "";
			targets = (
				4F544BEA2865E4EC005D2618 /* HelloNSMenu */,
			);
		};
/* End PBXProject section */

/* Begin PBXResourcesBuildPhase section */
		4F544BE92865E4EC005D2618 /* Resources */ = {
			isa = PBXResourcesBuildPhase;
			buildActionMask = 2147483647;
			files = (
				4F544BFE2865F526005D2618 /* HelloNSMenu.MainWindowController.xib in Resources */,
				4F544BF12865E4ED005D2618 /* Assets.xcassets in Resources */,
				4F544BF42865E4ED005D2618 /* MainMenu.xib in Resources */,
			);
			runOnlyForDeploymentPostprocessing = 0;
		};
/* End PBXResourcesBuildPhase section */

/* Begin PBXSourcesBuildPhase section */
		4F544BE72865E4EC005D2618 /* Sources */ = {
			isa = PBXSourcesBuildPhase;
			buildActionMask = 2147483647;
			files = (
				4F544BEF2865E4EC005D2618 /* AppDelegate.swift in Sources */,
				4F544BFD2865F526005D2618 /* MainWindowController.swift in Sources */,
			);
			runOnlyForDeploymentPostprocessing = 0;
		};
/* End PBXSourcesBuildPhase section */

/* Begin PBXVariantGroup section */
		4F544BF22865E4ED005D2618 /* MainMenu.xib */ = {
			isa = PBXVariantGroup;
			children = (
				4F544BF32865E4ED005D2618 /* Base */,
			);
			name = MainMenu.xib;
			sourceTree = "<group>";
		};
/* End PBXVariantGroup section */

/* Begin XCBuildConfiguration section */
		4F544BF62865E4ED005D2618 /* Debug */ = {
			isa = XCBuildConfiguration;
			buildSettings = {
				ALWAYS_SEARCH_USER_PATHS = NO;
				CLANG_ANALYZER_NONNULL = YES;
				CLANG_ANALYZER_NUMBER_OBJECT_CONVERSION = YES_AGGRESSIVE;
				CLANG_CXX_LANGUAGE_STANDARD = "gnu++17";
				CLANG_ENABLE_MODULES = YES;
				CLANG_ENABLE_OBJC_ARC = YES;
				CLANG_ENABLE_OBJC_WEAK = YES;
				CLANG_WARN_BLOCK_CAPTURE_AUTORELEASING = YES;
				CLANG_WARN_BOOL_CONVERSION = YES;
				CLANG_WARN_COMMA = YES;
				CLANG_WARN_CONSTANT_CONVERSION = YES;
				CLANG_WARN_DEPRECATED_OBJC_IMPLEMENTATIONS = YES;
				CLANG_WARN_DIRECT_OBJC_ISA_USAGE = YES_ERROR;
				CLANG_WARN_DOCUMENTATION_COMMENTS = YES;
				CLANG_WARN_EMPTY_BODY = YES;
				CLANG_WARN_ENUM_CONVERSION = YES;
				CLANG_WARN_INFINITE_RECURSION = YES;
				CLANG_WARN_INT_CONVERSION = YES;
				CLANG_WARN_NON_LITERAL_NULL_CONVERSION = YES;
				CLANG_WARN_OBJC_IMPLICIT_RETAIN_SELF = YES;
				CLANG_WARN_OBJC_LITERAL_CONVERSION = YES;
				CLANG_WARN_OBJC_ROOT_CLASS = YES_ERROR;
				CLANG_WARN_QUOTED_INCLUDE_IN_FRAMEWORK_HEADER = YES;
				CLANG_WARN_RANGE_LOOP_ANALYSIS = YES;
				CLANG_WARN_STRICT_PROTOTYPES = YES;
				CLANG_WARN_SUSPICIOUS_MOVE = YES;
				CLANG_WARN_UNGUARDED_AVAILABILITY = YES_AGGRESSIVE;
				CLANG_WARN_UNREACHABLE_CODE = YES;
				CLANG_WARN__DUPLICATE_METHOD_MATCH = YES;
				COPY_PHASE_STRIP = NO;
				DEBUG_INFORMATION_FORMAT = dwarf;
				ENABLE_STRICT_OBJC_MSGSEND = YES;
				ENABLE_TESTABILITY = YES;
				GCC_C_LANGUAGE_STANDARD = gnu11;
				GCC_DYNAMIC_NO_PIC = NO;
				GCC_NO_COMMON_BLOCKS = YES;
				GCC_OPTIMIZATION_LEVEL = 0;
				GCC_PREPROCESSOR_DEFINITIONS = (
					"DEBUG=1",
					"$(inherited)",
				);
				GCC_WARN_64_TO_32_BIT_CONVERSION = YES;
				GCC_WARN_ABOUT_RETURN_TYPE = YES_ERROR;
				GCC_WARN_UNDECLARED_SELECTOR = YES;
				GCC_WARN_UNINITIALIZED_AUTOS = YES_AGGRESSIVE;
				GCC_WARN_UNUSED_FUNCTION = YES;
				GCC_WARN_UNUSED_VARIABLE = YES;
				MACOSX_DEPLOYMENT_TARGET = 12.3;
				MTL_ENABLE_DEBUG_INFO = INCLUDE_SOURCE;
				MTL_FAST_MATH = YES;
				ONLY_ACTIVE_ARCH = YES;
				SDKROOT = macosx;
				SWIFT_ACTIVE_COMPILATION_CONDITIONS = DEBUG;
				SWIFT_OPTIMIZATION_LEVEL = "-Onone";
			};
			name = Debug;
		};
		4F544BF72865E4ED005D2618 /* Release */ = {
			isa = XCBuildConfiguration;
			buildSettings = {
				ALWAYS_SEARCH_USER_PATHS = NO;
				CLANG_ANALYZER_NONNULL = YES;
				CLANG_ANALYZER_NUMBER_OBJECT_CONVERSION = YES_AGGRESSIVE;
				CLANG_CXX_LANGUAGE_STANDARD = "gnu++17";
				CLANG_ENABLE_MODULES = YES;
				CLANG_ENABLE_OBJC_ARC = YES;
				CLANG_ENABLE_OBJC_WEAK = YES;
				CLANG_WARN_BLOCK_CAPTURE_AUTORELEASING = YES;
				CLANG_WARN_BOOL_CONVERSION = YES;
				CLANG_WARN_COMMA = YES;
				CLANG_WARN_CONSTANT_CONVERSION = YES;
				CLANG_WARN_DEPRECATED_OBJC_IMPLEMENTATIONS = YES;
				CLANG_WARN_DIRECT_OBJC_ISA_USAGE = YES_ERROR;
				CLANG_WARN_DOCUMENTATION_COMMENTS = YES;
				CLANG_WARN_EMPTY_BODY = YES;
				CLANG_WARN_ENUM_CONVERSION = YES;
				CLANG_WARN_INFINITE_RECURSION = YES;
				CLANG_WARN_INT_CONVERSION = YES;
				CLANG_WARN_NON_LITERAL_NULL_CONVERSION = YES;
				CLANG_WARN_OBJC_IMPLICIT_RETAIN_SELF = YES;
				CLANG_WARN_OBJC_LITERAL_CONVERSION = YES;
				CLANG_WARN_OBJC_ROOT_CLASS = YES_ERROR;
				CLANG_WARN_QUOTED_INCLUDE_IN_FRAMEWORK_HEADER = YES;
				CLANG_WARN_RANGE_LOOP_ANALYSIS = YES;
				CLANG_WARN_STRICT_PROTOTYPES = YES;
				CLANG_WARN_SUSPICIOUS_MOVE = YES;
				CLANG_WARN_UNGUARDED_AVAILABILITY = YES_AGGRESSIVE;
				CLANG_WARN_UNREACHABLE_CODE = YES;
				CLANG_WARN__DUPLICATE_METHOD_MATCH = YES;
				COPY_PHASE_STRIP = NO;
				DEBUG_INFORMATION_FORMAT = "dwarf-with-dsym";
				ENABLE_NS_ASSERTIONS = NO;
				ENABLE_STRICT_OBJC_MSGSEND = YES;
				GCC_C_LANGUAGE_STANDARD = gnu11;
				GCC_NO_COMMON_BLOCKS = YES;
				GCC_WARN_64_TO_32_BIT_CONVERSION = YES;
				GCC_WARN_ABOUT_RETURN_TYPE = YES_ERROR;
				GCC_WARN_UNDECLARED_SELECTOR = YES;
				GCC_WARN_UNINITIALIZED_AUTOS = YES_AGGRESSIVE;
				GCC_WARN_UNUSED_FUNCTION = YES;
				GCC_WARN_UNUSED_VARIABLE = YES;
				MACOSX_DEPLOYMENT_TARGET = 12.3;
				MTL_ENABLE_DEBUG_INFO = NO;
				MTL_FAST_MATH = YES;
				SDKROOT = macosx;
				SWIFT_COMPILATION_MODE = wholemodule;
				SWIFT_OPTIMIZATION_LEVEL = "-O";
			};
			name = Release;
		};
		4F544BF92865E4ED005D2618 /* Debug */ = {
			isa = XCBuildConfiguration;
			buildSettings = {
				ASSETCATALOG_COMPILER_APPICON_NAME = AppIcon;
				ASSETCATALOG_COMPILER_GLOBAL_ACCENT_COLOR_NAME = AccentColor;
				CODE_SIGN_ENTITLEMENTS = HelloNSMenu/HelloNSMenu.entitlements;
				CODE_SIGN_STYLE = Automatic;
				COMBINE_HIDPI_IMAGES = YES;
				CURRENT_PROJECT_VERSION = 1;
				GENERATE_INFOPLIST_FILE = YES;
				INFOPLIST_KEY_NSHumanReadableCopyright = "";
				INFOPLIST_KEY_NSMainNibFile = MainMenu;
				INFOPLIST_KEY_NSPrincipalClass = NSApplication;
				LD_RUNPATH_SEARCH_PATHS = (
					"$(inherited)",
					"@executable_path/../Frameworks",
				);
				MARKETING_VERSION = 1.0;
				PRODUCT_BUNDLE_IDENTIFIER = com.wc.HelloNSMenu;
				PRODUCT_NAME = "$(TARGET_NAME)";
				SWIFT_EMIT_LOC_STRINGS = YES;
				SWIFT_VERSION = 5.0;
			};
			name = Debug;
		};
		4F544BFA2865E4ED005D2618 /* Release */ = {
			isa = XCBuildConfiguration;
			buildSettings = {
				ASSETCATALOG_COMPILER_APPICON_NAME = AppIcon;
				ASSETCATALOG_COMPILER_GLOBAL_ACCENT_COLOR_NAME = AccentColor;
				CODE_SIGN_ENTITLEMENTS = HelloNSMenu/HelloNSMenu.entitlements;
				CODE_SIGN_STYLE = Automatic;
				COMBINE_HIDPI_IMAGES = YES;
				CURRENT_PROJECT_VERSION = 1;
				GENERATE_INFOPLIST_FILE = YES;
				INFOPLIST_KEY_NSHumanReadableCopyright = "";
				INFOPLIST_KEY_NSMainNibFile = MainMenu;
				INFOPLIST_KEY_NSPrincipalClass = NSApplication;
				LD_RUNPATH_SEARCH_PATHS = (
					"$(inherited)",
					"@executable_path/../Frameworks",
				);
				MARKETING_VERSION = 1.0;
				PRODUCT_BUNDLE_IDENTIFIER = com.wc.HelloNSMenu;
				PRODUCT_NAME = "$(TARGET_NAME)";
				SWIFT_EMIT_LOC_STRINGS = YES;
				SWIFT_VERSION = 5.0;
			};
			name = Release;
		};
/* End XCBuildConfiguration section */

/* Begin XCConfigurationList section */
		4F544BE62865E4EC005D2618 /* Build configuration list for PBXProject "HelloNSMenu" */ = {
			isa = XCConfigurationList;
			buildConfigurations = (
				4F544BF62865E4ED005D2618 /* Debug */,
				4F544BF72865E4ED005D2618 /* Release */,
			);
			defaultConfigurationIsVisible = 0;
			defaultConfigurationName = Release;
		};
		4F544BF82865E4ED005D2618 /* Build configuration list for PBXNativeTarget "HelloNSMenu" */ = {
			isa = XCConfigurationList;
			buildConfigurations = (
				4F544BF92865E4ED005D2618 /* Debug */,
				4F544BFA2865E4ED005D2618 /* Release */,
			);
			defaultConfigurationIsVisible = 0;
			defaultConfigurationName = Release;
		};
/* End XCConfigurationList section */
	};
	rootObject = 4F544BE32865E4EC005D2618 /* Project object */;
}
