// !$*UTF8*$!
{
	archiveVersion = 1;
	classes = {
	};
	objectVersion = 55;
	objects = {

/* Begin PBXBuildFile section */
		2B446B392864549600991153 /* AppDelegate.swift in Sources */ = {isa = PBXBuildFile; fileRef = 2B446B382864549600991153 /* AppDelegate.swift */; };
		2B446B3B2864549800991153 /* Assets.xcassets in Resources */ = {isa = PBXBuildFile; fileRef = 2B446B3A2864549800991153 /* Assets.xcassets */; };
		2B446B3E2864549800991153 /* MainMenu.xib in Resources */ = {isa = PBXBuildFile; fileRef = 2B446B3C2864549800991153 /* MainMenu.xib */; };
		2B446B4B2864560F00991153 /* MainWindowController.swift in Sources */ = {isa = PBXBuildFile; fileRef = 2B446B492864560F00991153 /* MainWindowController.swift */; };
		2B446B4C2864560F00991153 /* LogMate.MainWindowController.xib in Resources */ = {isa = PBXBuildFile; fileRef = 2B446B4A2864560F00991153 /* LogMate.MainWindowController.xib */; };
		4F162164286D377900CFCA29 /* WCLineMessage.swift in Sources */ = {isa = PBXBuildFile; fileRef = 4F162163286D377900CFCA29 /* WCLineMessage.swift */; };
		4F162166286D550500CFCA29 /* WCLineLogParser.swift in Sources */ = {isa = PBXBuildFile; fileRef = 4F162165286D550500CFCA29 /* WCLineLogParser.swift */; };
		4F1F386B28708C2200CB61AE /* WCAttributedStringTool.swift in Sources */ = {isa = PBXBuildFile; fileRef = 4F1F386628708C2200CB61AE /* WCAttributedStringTool.swift */; };
		4F1F386C28708C2200CB61AE /* WCTokenSearchField.swift in Sources */ = {isa = PBXBuildFile; fileRef = 4F1F386728708C2200CB61AE /* WCTokenSearchField.swift */; };
		4F1F386D28708C2200CB61AE /* WCTokenTextView.swift in Sources */ = {isa = PBXBuildFile; fileRef = 4F1F386828708C2200CB61AE /* WCTokenTextView.swift */; };
		4F1F386E28708C2200CB61AE /* WCTokenSearchFieldCell.swift in Sources */ = {isa = PBXBuildFile; fileRef = 4F1F386928708C2200CB61AE /* WCTokenSearchFieldCell.swift */; };
		4F1F386F28708C2200CB61AE /* WCTokenAttachmentCell.swift in Sources */ = {isa = PBXBuildFile; fileRef = 4F1F386A28708C2200CB61AE /* WCTokenAttachmentCell.swift */; };
		4F40111428AF3A9E00A23F36 /* LogPanelViewController+MainMenu.swift in Sources */ = {isa = PBXBuildFile; fileRef = 4F40111328AF3A9E00A23F36 /* LogPanelViewController+MainMenu.swift */; };
		4F46A1E9288661960084CE32 /* WCGanttDiagramDataParser.swift in Sources */ = {isa = PBXBuildFile; fileRef = 4F46A1E8288661960084CE32 /* WCGanttDiagramDataParser.swift */; };
		4F4AC10F28978FD100429AA6 /* HSplitViewController.swift in Sources */ = {isa = PBXBuildFile; fileRef = 4F4AC10D28978FD100429AA6 /* HSplitViewController.swift */; };
		4F4AC11028978FD100429AA6 /* HSplitViewController.xib in Resources */ = {isa = PBXBuildFile; fileRef = 4F4AC10E28978FD100429AA6 /* HSplitViewController.xib */; };
		4F4AC11328978FE300429AA6 /* VSplitViewController.swift in Sources */ = {isa = PBXBuildFile; fileRef = 4F4AC11128978FE300429AA6 /* VSplitViewController.swift */; };
		4F4AC11428978FE300429AA6 /* VSplitViewController.xib in Resources */ = {isa = PBXBuildFile; fileRef = 4F4AC11228978FE300429AA6 /* VSplitViewController.xib */; };
		4F4AC1172897907200429AA6 /* VisualizerPanelViewController.swift in Sources */ = {isa = PBXBuildFile; fileRef = 4F4AC1152897907200429AA6 /* VisualizerPanelViewController.swift */; };
		4F4AC1182897907200429AA6 /* VisualizerPanelViewController.xib in Resources */ = {isa = PBXBuildFile; fileRef = 4F4AC1162897907200429AA6 /* VisualizerPanelViewController.xib */; };
		4F4AC11B2897921100429AA6 /* LogPanelViewController.swift in Sources */ = {isa = PBXBuildFile; fileRef = 4F4AC1192897921100429AA6 /* LogPanelViewController.swift */; };
		4F4AC11C2897921100429AA6 /* LogPanelViewController.xib in Resources */ = {isa = PBXBuildFile; fileRef = 4F4AC11A2897921100429AA6 /* LogPanelViewController.xib */; };
		4F4AC11F2897922400429AA6 /* DetailViewController.swift in Sources */ = {isa = PBXBuildFile; fileRef = 4F4AC11D2897922400429AA6 /* DetailViewController.swift */; };
		4F4AC1202897922400429AA6 /* DetailViewController.xib in Resources */ = {isa = PBXBuildFile; fileRef = 4F4AC11E2897922400429AA6 /* DetailViewController.xib */; };
		4F4CB996289D1EFF003BA527 /* LogPanelViewController+TableView.swift in Sources */ = {isa = PBXBuildFile; fileRef = 4F4CB995289D1EFF003BA527 /* LogPanelViewController+TableView.swift */; };
		4F5BAFE5289687CE007B0AF7 /* AnotherMainWindowController.swift in Sources */ = {isa = PBXBuildFile; fileRef = 4F5BAFE3289687CE007B0AF7 /* AnotherMainWindowController.swift */; };
		4F5BAFE6289687CE007B0AF7 /* AnotherMainWindowController.xib in Resources */ = {isa = PBXBuildFile; fileRef = 4F5BAFE4289687CE007B0AF7 /* AnotherMainWindowController.xib */; };
		4F5C652A28B107F8009B9D81 /* UIDefines.swift in Sources */ = {isa = PBXBuildFile; fileRef = 4F5C652928B107F8009B9D81 /* UIDefines.swift */; };
		4F5C652C28B1093D009B9D81 /* LogPanelViewController+TokenSearchField.swift in Sources */ = {isa = PBXBuildFile; fileRef = 4F5C652B28B1093D009B9D81 /* LogPanelViewController+TokenSearchField.swift */; };
		4F5C652E28B10F97009B9D81 /* VisualizerPanelViewController+WebView.swift in Sources */ = {isa = PBXBuildFile; fileRef = 4F5C652D28B10F97009B9D81 /* VisualizerPanelViewController+WebView.swift */; };
		4F85AF762869F2F50023713A /* WCStringStreamReader.swift in Sources */ = {isa = PBXBuildFile; fileRef = 4F85AF752869F2F50023713A /* WCStringStreamReader.swift */; };
		4FB21B642874342E00DB8547 /* FrontResources in Resources */ = {isa = PBXBuildFile; fileRef = 4FB21B632874342D00DB8547 /* FrontResources */; };
		4FF328512875492E00744DDB /* WCWebViewTool.swift in Sources */ = {isa = PBXBuildFile; fileRef = 4FF328502875492E00744DDB /* WCWebViewTool.swift */; };
		4FF32857287565E600744DDB /* WCStringTool.swift in Sources */ = {isa = PBXBuildFile; fileRef = 4FF32856287565E600744DDB /* WCStringTool.swift */; };
/* End PBXBuildFile section */

/* Begin PBXFileReference section */
		2B446B352864549600991153 /* LogMate.app */ = {isa = PBXFileReference; explicitFileType = wrapper.application; includeInIndex = 0; path = LogMate.app; sourceTree = BUILT_PRODUCTS_DIR; };
		2B446B382864549600991153 /* AppDelegate.swift */ = {isa = PBXFileReference; lastKnownFileType = sourcecode.swift; path = AppDelegate.swift; sourceTree = "<group>"; };
		2B446B3A2864549800991153 /* Assets.xcassets */ = {isa = PBXFileReference; lastKnownFileType = folder.assetcatalog; path = Assets.xcassets; sourceTree = "<group>"; };
		2B446B3D2864549800991153 /* Base */ = {isa = PBXFileReference; lastKnownFileType = file.xib; name = Base; path = Base.lproj/MainMenu.xib; sourceTree = "<group>"; };
		2B446B3F2864549800991153 /* LogMate.entitlements */ = {isa = PBXFileReference; lastKnownFileType = text.plist.entitlements; path = LogMate.entitlements; sourceTree = "<group>"; };
		2B446B492864560F00991153 /* MainWindowController.swift */ = {isa = PBXFileReference; lastKnownFileType = sourcecode.swift; path = MainWindowController.swift; sourceTree = "<group>"; };
		2B446B4A2864560F00991153 /* LogMate.MainWindowController.xib */ = {isa = PBXFileReference; lastKnownFileType = file.xib; path = LogMate.MainWindowController.xib; sourceTree = "<group>"; };
		4F162163286D377900CFCA29 /* WCLineMessage.swift */ = {isa = PBXFileReference; lastKnownFileType = sourcecode.swift; path = WCLineMessage.swift; sourceTree = "<group>"; };
		4F162165286D550500CFCA29 /* WCLineLogParser.swift */ = {isa = PBXFileReference; lastKnownFileType = sourcecode.swift; path = WCLineLogParser.swift; sourceTree = "<group>"; };
		4F1F386628708C2200CB61AE /* WCAttributedStringTool.swift */ = {isa = PBXFileReference; fileEncoding = 4; lastKnownFileType = sourcecode.swift; path = WCAttributedStringTool.swift; sourceTree = "<group>"; };
		4F1F386728708C2200CB61AE /* WCTokenSearchField.swift */ = {isa = PBXFileReference; fileEncoding = 4; lastKnownFileType = sourcecode.swift; path = WCTokenSearchField.swift; sourceTree = "<group>"; };
		4F1F386828708C2200CB61AE /* WCTokenTextView.swift */ = {isa = PBXFileReference; fileEncoding = 4; lastKnownFileType = sourcecode.swift; path = WCTokenTextView.swift; sourceTree = "<group>"; };
		4F1F386928708C2200CB61AE /* WCTokenSearchFieldCell.swift */ = {isa = PBXFileReference; fileEncoding = 4; lastKnownFileType = sourcecode.swift; path = WCTokenSearchFieldCell.swift; sourceTree = "<group>"; };
		4F1F386A28708C2200CB61AE /* WCTokenAttachmentCell.swift */ = {isa = PBXFileReference; fileEncoding = 4; lastKnownFileType = sourcecode.swift; path = WCTokenAttachmentCell.swift; sourceTree = "<group>"; };
		4F1F6D1A28747E81009E54B6 /* Info.plist */ = {isa = PBXFileReference; lastKnownFileType = text.plist; path = Info.plist; sourceTree = "<group>"; };
		4F40111328AF3A9E00A23F36 /* LogPanelViewController+MainMenu.swift */ = {isa = PBXFileReference; lastKnownFileType = sourcecode.swift; path = "LogPanelViewController+MainMenu.swift"; sourceTree = "<group>"; };
		4F46A1E8288661960084CE32 /* WCGanttDiagramDataParser.swift */ = {isa = PBXFileReference; lastKnownFileType = sourcecode.swift; path = WCGanttDiagramDataParser.swift; sourceTree = "<group>"; };
		4F4AC10D28978FD100429AA6 /* HSplitViewController.swift */ = {isa = PBXFileReference; lastKnownFileType = sourcecode.swift; path = HSplitViewController.swift; sourceTree = "<group>"; };
		4F4AC10E28978FD100429AA6 /* HSplitViewController.xib */ = {isa = PBXFileReference; lastKnownFileType = file.xib; path = HSplitViewController.xib; sourceTree = "<group>"; };
		4F4AC11128978FE300429AA6 /* VSplitViewController.swift */ = {isa = PBXFileReference; lastKnownFileType = sourcecode.swift; path = VSplitViewController.swift; sourceTree = "<group>"; };
		4F4AC11228978FE300429AA6 /* VSplitViewController.xib */ = {isa = PBXFileReference; lastKnownFileType = file.xib; path = VSplitViewController.xib; sourceTree = "<group>"; };
		4F4AC1152897907200429AA6 /* VisualizerPanelViewController.swift */ = {isa = PBXFileReference; lastKnownFileType = sourcecode.swift; path = VisualizerPanelViewController.swift; sourceTree = "<group>"; };
		4F4AC1162897907200429AA6 /* VisualizerPanelViewController.xib */ = {isa = PBXFileReference; lastKnownFileType = file.xib; path = VisualizerPanelViewController.xib; sourceTree = "<group>"; };
		4F4AC1192897921100429AA6 /* LogPanelViewController.swift */ = {isa = PBXFileReference; lastKnownFileType = sourcecode.swift; path = LogPanelViewController.swift; sourceTree = "<group>"; };
		4F4AC11A2897921100429AA6 /* LogPanelViewController.xib */ = {isa = PBXFileReference; lastKnownFileType = file.xib; path = LogPanelViewController.xib; sourceTree = "<group>"; };
		4F4AC11D2897922400429AA6 /* DetailViewController.swift */ = {isa = PBXFileReference; lastKnownFileType = sourcecode.swift; path = DetailViewController.swift; sourceTree = "<group>"; };
		4F4AC11E2897922400429AA6 /* DetailViewController.xib */ = {isa = PBXFileReference; lastKnownFileType = file.xib; path = DetailViewController.xib; sourceTree = "<group>"; };
		4F4CB995289D1EFF003BA527 /* LogPanelViewController+TableView.swift */ = {isa = PBXFileReference; lastKnownFileType = sourcecode.swift; path = "LogPanelViewController+TableView.swift"; sourceTree = "<group>"; };
		4F5BAFE3289687CE007B0AF7 /* AnotherMainWindowController.swift */ = {isa = PBXFileReference; lastKnownFileType = sourcecode.swift; path = AnotherMainWindowController.swift; sourceTree = "<group>"; };
		4F5BAFE4289687CE007B0AF7 /* AnotherMainWindowController.xib */ = {isa = PBXFileReference; lastKnownFileType = file.xib; path = AnotherMainWindowController.xib; sourceTree = "<group>"; };
		4F5C652928B107F8009B9D81 /* UIDefines.swift */ = {isa = PBXFileReference; lastKnownFileType = sourcecode.swift; path = UIDefines.swift; sourceTree = "<group>"; };
		4F5C652B28B1093D009B9D81 /* LogPanelViewController+TokenSearchField.swift */ = {isa = PBXFileReference; lastKnownFileType = sourcecode.swift; path = "LogPanelViewController+TokenSearchField.swift"; sourceTree = "<group>"; };
		4F5C652D28B10F97009B9D81 /* VisualizerPanelViewController+WebView.swift */ = {isa = PBXFileReference; lastKnownFileType = sourcecode.swift; path = "VisualizerPanelViewController+WebView.swift"; sourceTree = "<group>"; };
		4F85AF752869F2F50023713A /* WCStringStreamReader.swift */ = {isa = PBXFileReference; lastKnownFileType = sourcecode.swift; path = WCStringStreamReader.swift; sourceTree = "<group>"; };
		4FB21B632874342D00DB8547 /* FrontResources */ = {isa = PBXFileReference; lastKnownFileType = folder; path = FrontResources; sourceTree = "<group>"; };
		4FF328502875492E00744DDB /* WCWebViewTool.swift */ = {isa = PBXFileReference; lastKnownFileType = sourcecode.swift; path = WCWebViewTool.swift; sourceTree = "<group>"; };
		4FF32856287565E600744DDB /* WCStringTool.swift */ = {isa = PBXFileReference; fileEncoding = 4; lastKnownFileType = sourcecode.swift; path = WCStringTool.swift; sourceTree = "<group>"; };
/* End PBXFileReference section */

/* Begin PBXFrameworksBuildPhase section */
		2B446B322864549600991153 /* Frameworks */ = {
			isa = PBXFrameworksBuildPhase;
			buildActionMask = 2147483647;
			files = (
			);
			runOnlyForDeploymentPostprocessing = 0;
		};
/* End PBXFrameworksBuildPhase section */

/* Begin PBXGroup section */
		2B446B2C2864549600991153 = {
			isa = PBXGroup;
			children = (
				2B446B372864549600991153 /* LogMate */,
				2B446B362864549600991153 /* Products */,
			);
			sourceTree = "<group>";
		};
		2B446B362864549600991153 /* Products */ = {
			isa = PBXGroup;
			children = (
				2B446B352864549600991153 /* LogMate.app */,
			);
			name = Products;
			sourceTree = "<group>";
		};
		2B446B372864549600991153 /* LogMate */ = {
			isa = PBXGroup;
			children = (
				4FF3284F2875491900744DDB /* Tools */,
				4F1F6D1A28747E81009E54B6 /* Info.plist */,
				4FB21B632874342D00DB8547 /* FrontResources */,
				4F1F386428708C2200CB61AE /* WCTokenSearchField */,
				4F162167286DC66C00CFCA29 /* WCLineLogParser */,
				2B446B45286455CD00991153 /* Classes */,
				2B446B46286455D600991153 /* UI */,
				2B446B382864549600991153 /* AppDelegate.swift */,
				2B446B3A2864549800991153 /* Assets.xcassets */,
				2B446B3C2864549800991153 /* MainMenu.xib */,
				2B446B3F2864549800991153 /* LogMate.entitlements */,
			);
			path = LogMate;
			sourceTree = "<group>";
		};
		2B446B45286455CD00991153 /* Classes */ = {
			isa = PBXGroup;
			children = (
				2B446B492864560F00991153 /* MainWindowController.swift */,
				4F4AC1212897926900429AA6 /* NewUI */,
			);
			path = Classes;
			sourceTree = "<group>";
		};
		2B446B46286455D600991153 /* UI */ = {
			isa = PBXGroup;
			children = (
				2B446B4A2864560F00991153 /* LogMate.MainWindowController.xib */,
			);
			path = UI;
			sourceTree = "<group>";
		};
		4F162167286DC66C00CFCA29 /* WCLineLogParser */ = {
			isa = PBXGroup;
			children = (
				4F46A1E72886616F0084CE32 /* DataParsers */,
				4F85AF752869F2F50023713A /* WCStringStreamReader.swift */,
				4F162163286D377900CFCA29 /* WCLineMessage.swift */,
				4F162165286D550500CFCA29 /* WCLineLogParser.swift */,
			);
			path = WCLineLogParser;
			sourceTree = "<group>";
		};
		4F1F386428708C2200CB61AE /* WCTokenSearchField */ = {
			isa = PBXGroup;
			children = (
				4F1F386528708C2200CB61AE /* Tools */,
				4F1F386728708C2200CB61AE /* WCTokenSearchField.swift */,
				4F1F386828708C2200CB61AE /* WCTokenTextView.swift */,
				4F1F386928708C2200CB61AE /* WCTokenSearchFieldCell.swift */,
				4F1F386A28708C2200CB61AE /* WCTokenAttachmentCell.swift */,
			);
			name = WCTokenSearchField;
			path = ../../HelloNSTokenField/WCTokenSearchField;
			sourceTree = "<group>";
		};
		4F1F386528708C2200CB61AE /* Tools */ = {
			isa = PBXGroup;
			children = (
				4F1F386628708C2200CB61AE /* WCAttributedStringTool.swift */,
			);
			path = Tools;
			sourceTree = "<group>";
		};
		4F46A1E72886616F0084CE32 /* DataParsers */ = {
			isa = PBXGroup;
			children = (
				4F46A1E8288661960084CE32 /* WCGanttDiagramDataParser.swift */,
			);
			path = DataParsers;
			sourceTree = "<group>";
		};
		4F4AC1212897926900429AA6 /* NewUI */ = {
			isa = PBXGroup;
			children = (
				4F5BAFE3289687CE007B0AF7 /* AnotherMainWindowController.swift */,
				4F5BAFE4289687CE007B0AF7 /* AnotherMainWindowController.xib */,
				4F4AC10D28978FD100429AA6 /* HSplitViewController.swift */,
				4F4AC10E28978FD100429AA6 /* HSplitViewController.xib */,
				4F4AC11128978FE300429AA6 /* VSplitViewController.swift */,
				4F4AC11228978FE300429AA6 /* VSplitViewController.xib */,
				4F4AC1152897907200429AA6 /* VisualizerPanelViewController.swift */,
				4F5C652D28B10F97009B9D81 /* VisualizerPanelViewController+WebView.swift */,
				4F4AC1162897907200429AA6 /* VisualizerPanelViewController.xib */,
				4F4AC1192897921100429AA6 /* LogPanelViewController.swift */,
				4F4CB995289D1EFF003BA527 /* LogPanelViewController+TableView.swift */,
				4F40111328AF3A9E00A23F36 /* LogPanelViewController+MainMenu.swift */,
				4F5C652B28B1093D009B9D81 /* LogPanelViewController+TokenSearchField.swift */,
				4F4AC11A2897921100429AA6 /* LogPanelViewController.xib */,
				4F4AC11D2897922400429AA6 /* DetailViewController.swift */,
				4F4AC11E2897922400429AA6 /* DetailViewController.xib */,
				4F5C652928B107F8009B9D81 /* UIDefines.swift */,
			);
			path = NewUI;
			sourceTree = "<group>";
		};
		4FF3284F2875491900744DDB /* Tools */ = {
			isa = PBXGroup;
			children = (
				4FF32856287565E600744DDB /* WCStringTool.swift */,
				4FF328502875492E00744DDB /* WCWebViewTool.swift */,
			);
			path = Tools;
			sourceTree = "<group>";
		};
/* End PBXGroup section */

/* Begin PBXNativeTarget section */
		2B446B342864549600991153 /* LogMate */ = {
			isa = PBXNativeTarget;
			buildConfigurationList = 2B446B422864549800991153 /* Build configuration list for PBXNativeTarget "LogMate" */;
			buildPhases = (
				2B446B312864549600991153 /* Sources */,
				2B446B322864549600991153 /* Frameworks */,
				2B446B332864549600991153 /* Resources */,
			);
			buildRules = (
			);
			dependencies = (
			);
			name = LogMate;
			productName = LogMate;
			productReference = 2B446B352864549600991153 /* LogMate.app */;
			productType = "com.apple.product-type.application";
		};
/* End PBXNativeTarget section */

/* Begin PBXProject section */
		2B446B2D2864549600991153 /* Project object */ = {
			isa = PBXProject;
			attributes = {
				BuildIndependentTargetsInParallel = 1;
				LastSwiftUpdateCheck = 1320;
				LastUpgradeCheck = 1320;
				TargetAttributes = {
					2B446B342864549600991153 = {
						CreatedOnToolsVersion = 13.2.1;
					};
				};
			};
			buildConfigurationList = 2B446B302864549600991153 /* Build configuration list for PBXProject "LogMate" */;
			compatibilityVersion = "Xcode 13.0";
			developmentRegion = en;
			hasScannedForEncodings = 0;
			knownRegions = (
				en,
				Base,
			);
			mainGroup = 2B446B2C2864549600991153;
			productRefGroup = 2B446B362864549600991153 /* Products */;
			projectDirPath = "";
			projectRoot = "";
			targets = (
				2B446B342864549600991153 /* LogMate */,
			);
		};
/* End PBXProject section */

/* Begin PBXResourcesBuildPhase section */
		2B446B332864549600991153 /* Resources */ = {
			isa = PBXResourcesBuildPhase;
			buildActionMask = 2147483647;
			files = (
				4F4AC1182897907200429AA6 /* VisualizerPanelViewController.xib in Resources */,
				4F4AC11028978FD100429AA6 /* HSplitViewController.xib in Resources */,
				2B446B3B2864549800991153 /* Assets.xcassets in Resources */,
				4F5BAFE6289687CE007B0AF7 /* AnotherMainWindowController.xib in Resources */,
				4FB21B642874342E00DB8547 /* FrontResources in Resources */,
				4F4AC11C2897921100429AA6 /* LogPanelViewController.xib in Resources */,
				2B446B4C2864560F00991153 /* LogMate.MainWindowController.xib in Resources */,
				4F4AC1202897922400429AA6 /* DetailViewController.xib in Resources */,
				2B446B3E2864549800991153 /* MainMenu.xib in Resources */,
				4F4AC11428978FE300429AA6 /* VSplitViewController.xib in Resources */,
			);
			runOnlyForDeploymentPostprocessing = 0;
		};
/* End PBXResourcesBuildPhase section */

/* Begin PBXSourcesBuildPhase section */
		2B446B312864549600991153 /* Sources */ = {
			isa = PBXSourcesBuildPhase;
			buildActionMask = 2147483647;
			files = (
				4F4AC10F28978FD100429AA6 /* HSplitViewController.swift in Sources */,
				4F85AF762869F2F50023713A /* WCStringStreamReader.swift in Sources */,
				4F1F386E28708C2200CB61AE /* WCTokenSearchFieldCell.swift in Sources */,
				4FF328512875492E00744DDB /* WCWebViewTool.swift in Sources */,
				4F5C652C28B1093D009B9D81 /* LogPanelViewController+TokenSearchField.swift in Sources */,
				4F162164286D377900CFCA29 /* WCLineMessage.swift in Sources */,
				4F40111428AF3A9E00A23F36 /* LogPanelViewController+MainMenu.swift in Sources */,
				4F5BAFE5289687CE007B0AF7 /* AnotherMainWindowController.swift in Sources */,
				4F4CB996289D1EFF003BA527 /* LogPanelViewController+TableView.swift in Sources */,
				4F4AC11328978FE300429AA6 /* VSplitViewController.swift in Sources */,
				4FF32857287565E600744DDB /* WCStringTool.swift in Sources */,
				4F1F386B28708C2200CB61AE /* WCAttributedStringTool.swift in Sources */,
				4F1F386F28708C2200CB61AE /* WCTokenAttachmentCell.swift in Sources */,
				4F4AC11F2897922400429AA6 /* DetailViewController.swift in Sources */,
				4F1F386D28708C2200CB61AE /* WCTokenTextView.swift in Sources */,
				4F5C652E28B10F97009B9D81 /* VisualizerPanelViewController+WebView.swift in Sources */,
				4F5C652A28B107F8009B9D81 /* UIDefines.swift in Sources */,
				4F1F386C28708C2200CB61AE /* WCTokenSearchField.swift in Sources */,
				4F4AC1172897907200429AA6 /* VisualizerPanelViewController.swift in Sources */,
				4F162166286D550500CFCA29 /* WCLineLogParser.swift in Sources */,
				4F4AC11B2897921100429AA6 /* LogPanelViewController.swift in Sources */,
				2B446B4B2864560F00991153 /* MainWindowController.swift in Sources */,
				2B446B392864549600991153 /* AppDelegate.swift in Sources */,
				4F46A1E9288661960084CE32 /* WCGanttDiagramDataParser.swift in Sources */,
			);
			runOnlyForDeploymentPostprocessing = 0;
		};
/* End PBXSourcesBuildPhase section */

/* Begin PBXVariantGroup section */
		2B446B3C2864549800991153 /* MainMenu.xib */ = {
			isa = PBXVariantGroup;
			children = (
				2B446B3D2864549800991153 /* Base */,
			);
			name = MainMenu.xib;
			sourceTree = "<group>";
		};
/* End PBXVariantGroup section */

/* Begin XCBuildConfiguration section */
		2B446B402864549800991153 /* Debug */ = {
			isa = XCBuildConfiguration;
			buildSettings = {
				ALWAYS_SEARCH_USER_PATHS = NO;
				CLANG_ANALYZER_NONNULL = YES;
				CLANG_ANALYZER_NUMBER_OBJECT_CONVERSION = YES_AGGRESSIVE;
				CLANG_CXX_LANGUAGE_STANDARD = "gnu++17";
				CLANG_CXX_LIBRARY = "libc++";
				CLANG_ENABLE_MODULES = YES;
				CLANG_ENABLE_OBJC_ARC = YES;
				CLANG_ENABLE_OBJC_WEAK = YES;
				CLANG_WARN_BLOCK_CAPTURE_AUTORELEASING = YES;
				CLANG_WARN_BOOL_CONVERSION = YES;
				CLANG_WARN_COMMA = YES;
				CLANG_WARN_CONSTANT_CONVERSION = YES;
				CLANG_WARN_DEPRECATED_OBJC_IMPLEMENTATIONS = YES;
				CLANG_WARN_DIRECT_OBJC_ISA_USAGE = YES_ERROR;
				CLANG_WARN_DOCUMENTATION_COMMENTS = YES;
				CLANG_WARN_EMPTY_BODY = YES;
				CLANG_WARN_ENUM_CONVERSION = YES;
				CLANG_WARN_INFINITE_RECURSION = YES;
				CLANG_WARN_INT_CONVERSION = YES;
				CLANG_WARN_NON_LITERAL_NULL_CONVERSION = YES;
				CLANG_WARN_OBJC_IMPLICIT_RETAIN_SELF = YES;
				CLANG_WARN_OBJC_LITERAL_CONVERSION = YES;
				CLANG_WARN_OBJC_ROOT_CLASS = YES_ERROR;
				CLANG_WARN_QUOTED_INCLUDE_IN_FRAMEWORK_HEADER = YES;
				CLANG_WARN_RANGE_LOOP_ANALYSIS = YES;
				CLANG_WARN_STRICT_PROTOTYPES = YES;
				CLANG_WARN_SUSPICIOUS_MOVE = YES;
				CLANG_WARN_UNGUARDED_AVAILABILITY = YES_AGGRESSIVE;
				CLANG_WARN_UNREACHABLE_CODE = YES;
				CLANG_WARN__DUPLICATE_METHOD_MATCH = YES;
				COPY_PHASE_STRIP = NO;
				DEBUG_INFORMATION_FORMAT = dwarf;
				ENABLE_STRICT_OBJC_MSGSEND = YES;
				ENABLE_TESTABILITY = YES;
				GCC_C_LANGUAGE_STANDARD = gnu11;
				GCC_DYNAMIC_NO_PIC = NO;
				GCC_NO_COMMON_BLOCKS = YES;
				GCC_OPTIMIZATION_LEVEL = 0;
				GCC_PREPROCESSOR_DEFINITIONS = (
					"DEBUG=1",
					"$(inherited)",
				);
				GCC_WARN_64_TO_32_BIT_CONVERSION = YES;
				GCC_WARN_ABOUT_RETURN_TYPE = YES_ERROR;
				GCC_WARN_UNDECLARED_SELECTOR = YES;
				GCC_WARN_UNINITIALIZED_AUTOS = YES_AGGRESSIVE;
				GCC_WARN_UNUSED_FUNCTION = YES;
				GCC_WARN_UNUSED_VARIABLE = YES;
				MACOSX_DEPLOYMENT_TARGET = 12.1;
				MTL_ENABLE_DEBUG_INFO = INCLUDE_SOURCE;
				MTL_FAST_MATH = YES;
				ONLY_ACTIVE_ARCH = YES;
				SDKROOT = macosx;
				SWIFT_ACTIVE_COMPILATION_CONDITIONS = DEBUG;
				SWIFT_OPTIMIZATION_LEVEL = "-Onone";
			};
			name = Debug;
		};
		2B446B412864549800991153 /* Release */ = {
			isa = XCBuildConfiguration;
			buildSettings = {
				ALWAYS_SEARCH_USER_PATHS = NO;
				CLANG_ANALYZER_NONNULL = YES;
				CLANG_ANALYZER_NUMBER_OBJECT_CONVERSION = YES_AGGRESSIVE;
				CLANG_CXX_LANGUAGE_STANDARD = "gnu++17";
				CLANG_CXX_LIBRARY = "libc++";
				CLANG_ENABLE_MODULES = YES;
				CLANG_ENABLE_OBJC_ARC = YES;
				CLANG_ENABLE_OBJC_WEAK = YES;
				CLANG_WARN_BLOCK_CAPTURE_AUTORELEASING = YES;
				CLANG_WARN_BOOL_CONVERSION = YES;
				CLANG_WARN_COMMA = YES;
				CLANG_WARN_CONSTANT_CONVERSION = YES;
				CLANG_WARN_DEPRECATED_OBJC_IMPLEMENTATIONS = YES;
				CLANG_WARN_DIRECT_OBJC_ISA_USAGE = YES_ERROR;
				CLANG_WARN_DOCUMENTATION_COMMENTS = YES;
				CLANG_WARN_EMPTY_BODY = YES;
				CLANG_WARN_ENUM_CONVERSION = YES;
				CLANG_WARN_INFINITE_RECURSION = YES;
				CLANG_WARN_INT_CONVERSION = YES;
				CLANG_WARN_NON_LITERAL_NULL_CONVERSION = YES;
				CLANG_WARN_OBJC_IMPLICIT_RETAIN_SELF = YES;
				CLANG_WARN_OBJC_LITERAL_CONVERSION = YES;
				CLANG_WARN_OBJC_ROOT_CLASS = YES_ERROR;
				CLANG_WARN_QUOTED_INCLUDE_IN_FRAMEWORK_HEADER = YES;
				CLANG_WARN_RANGE_LOOP_ANALYSIS = YES;
				CLANG_WARN_STRICT_PROTOTYPES = YES;
				CLANG_WARN_SUSPICIOUS_MOVE = YES;
				CLANG_WARN_UNGUARDED_AVAILABILITY = YES_AGGRESSIVE;
				CLANG_WARN_UNREACHABLE_CODE = YES;
				CLANG_WARN__DUPLICATE_METHOD_MATCH = YES;
				COPY_PHASE_STRIP = NO;
				DEBUG_INFORMATION_FORMAT = "dwarf-with-dsym";
				ENABLE_NS_ASSERTIONS = NO;
				ENABLE_STRICT_OBJC_MSGSEND = YES;
				GCC_C_LANGUAGE_STANDARD = gnu11;
				GCC_NO_COMMON_BLOCKS = YES;
				GCC_WARN_64_TO_32_BIT_CONVERSION = YES;
				GCC_WARN_ABOUT_RETURN_TYPE = YES_ERROR;
				GCC_WARN_UNDECLARED_SELECTOR = YES;
				GCC_WARN_UNINITIALIZED_AUTOS = YES_AGGRESSIVE;
				GCC_WARN_UNUSED_FUNCTION = YES;
				GCC_WARN_UNUSED_VARIABLE = YES;
				MACOSX_DEPLOYMENT_TARGET = 12.1;
				MTL_ENABLE_DEBUG_INFO = NO;
				MTL_FAST_MATH = YES;
				SDKROOT = macosx;
				SWIFT_COMPILATION_MODE = wholemodule;
				SWIFT_OPTIMIZATION_LEVEL = "-O";
			};
			name = Release;
		};
		2B446B432864549800991153 /* Debug */ = {
			isa = XCBuildConfiguration;
			buildSettings = {
				ASSETCATALOG_COMPILER_APPICON_NAME = AppIcon;
				ASSETCATALOG_COMPILER_GLOBAL_ACCENT_COLOR_NAME = AccentColor;
				CODE_SIGN_ENTITLEMENTS = LogMate/LogMate.entitlements;
				CODE_SIGN_STYLE = Automatic;
				COMBINE_HIDPI_IMAGES = YES;
				CURRENT_PROJECT_VERSION = 1;
				GENERATE_INFOPLIST_FILE = YES;
				INFOPLIST_FILE = LogMate/Info.plist;
				INFOPLIST_KEY_NSHumanReadableCopyright = "";
				INFOPLIST_KEY_NSMainNibFile = MainMenu;
				INFOPLIST_KEY_NSPrincipalClass = NSApplication;
				LD_RUNPATH_SEARCH_PATHS = (
					"$(inherited)",
					"@executable_path/../Frameworks",
				);
				MARKETING_VERSION = 1.0;
				PRODUCT_BUNDLE_IDENTIFIER = com.wc.LogMate;
				PRODUCT_NAME = "$(TARGET_NAME)";
				SWIFT_EMIT_LOC_STRINGS = YES;
				SWIFT_VERSION = 5.0;
			};
			name = Debug;
		};
		2B446B442864549800991153 /* Release */ = {
			isa = XCBuildConfiguration;
			buildSettings = {
				ASSETCATALOG_COMPILER_APPICON_NAME = AppIcon;
				ASSETCATALOG_COMPILER_GLOBAL_ACCENT_COLOR_NAME = AccentColor;
				CODE_SIGN_ENTITLEMENTS = LogMate/LogMate.entitlements;
				CODE_SIGN_STYLE = Automatic;
				COMBINE_HIDPI_IMAGES = YES;
				CURRENT_PROJECT_VERSION = 1;
				GENERATE_INFOPLIST_FILE = YES;
				INFOPLIST_FILE = LogMate/Info.plist;
				INFOPLIST_KEY_NSHumanReadableCopyright = "";
				INFOPLIST_KEY_NSMainNibFile = MainMenu;
				INFOPLIST_KEY_NSPrincipalClass = NSApplication;
				LD_RUNPATH_SEARCH_PATHS = (
					"$(inherited)",
					"@executable_path/../Frameworks",
				);
				MARKETING_VERSION = 1.0;
				PRODUCT_BUNDLE_IDENTIFIER = com.wc.LogMate;
				PRODUCT_NAME = "$(TARGET_NAME)";
				SWIFT_EMIT_LOC_STRINGS = YES;
				SWIFT_VERSION = 5.0;
			};
			name = Release;
		};
/* End XCBuildConfiguration section */

/* Begin XCConfigurationList section */
		2B446B302864549600991153 /* Build configuration list for PBXProject "LogMate" */ = {
			isa = XCConfigurationList;
			buildConfigurations = (
				2B446B402864549800991153 /* Debug */,
				2B446B412864549800991153 /* Release */,
			);
			defaultConfigurationIsVisible = 0;
			defaultConfigurationName = Release;
		};
		2B446B422864549800991153 /* Build configuration list for PBXNativeTarget "LogMate" */ = {
			isa = XCConfigurationList;
			buildConfigurations = (
				2B446B432864549800991153 /* Debug */,
				2B446B442864549800991153 /* Release */,
			);
			defaultConfigurationIsVisible = 0;
			defaultConfigurationName = Release;
		};
/* End XCConfigurationList section */
	};
	rootObject = 2B446B2D2864549600991153 /* Project object */;
}
